<Solution>
  <Project Path="L01_HelloWorldWithoutTopLevelStatements/L01_HelloWorldWithoutTopLevelStatements.csproj" />
  <Project Path="L01_HelloWorldWithTopLevelStatement/L01_HelloWorldWithTopLevelStatement.csproj" />
  <Project Path="L04_CupConverter/L04_CupConverter.csproj" Id="c2b6a92f-f594-409a-811a-350ba8c3567f" />
  <Project Path="L04_MethodDemo/L04_MethodDemo.csproj" Id="396e4e1c-3910-4edc-9a0c-73a7f31af395" />
  <Project Path="L05_Demo01/L05_Demo01.csproj" Id="237bd3a0-7d53-4c9a-a802-5df5eefb2b39" />
  <Project Path="L4_MethodDemo_Guided/L4_MethodDemo_Guided.csproj" Id="0f724204-2093-43fb-848d-7df5ae2b7d93" />
</Solution>
