<Solution>
  <Project Path="L01_HelloWorldWithoutTopLevelStatements/L01_HelloWorldWithoutTopLevelStatements.csproj" />
  <Project Path="L01_HelloWorldWithTopLevelStatement/L01_HelloWorldWithTopLevelStatement.csproj" />
  <Project Path="L04_CupConverter/L04_CupConverter.csproj" Id="c2b6a92f-f594-409a-811a-350ba8c3567f" />
  <Project Path="L04_MethodDemo/L04_MethodDemo.csproj" Id="396e4e1c-3910-4edc-9a0c-73a7f31af395" />
  <Project Path="L05_Demo01/L05_Demo01.csproj" Id="237bd3a0-7d53-4c9a-a802-5df5eefb2b39" />
  <Project Path="L05_Demo02/L05_Demo02.csproj" Id="d5d403fd-5f7a-4bf7-a096-33da58b0ffa0" />
  <Project Path="L05_Practice01/L05_Practice01.csproj" Id="54430ba0-39e8-4324-8f71-8bcb97434ab7" />
  <Project Path="L05_Practice02/L05_Practice02.csproj" Id="fbc036b1-4a8b-43bd-a424-57e009e73f92" />
  <Project Path="L07_CS_Properties/L07_CS_Properties.csproj" Id="3df8552f-5f5e-43ec-a475-05ce72bba2c9" />
  <Project Path="L07_Demo01/L07_Demo01.csproj" Id="b53e33f9-6b81-4bd7-973d-3be0d2802804" />
  <Project Path="L08_Demo01/L08_Demo01.csproj" Id="5d2c440a-3dd2-444a-bb11-162bdb01c246" />
  <Project Path="L08_Practice01/L08_Practice01.csproj" Id="3742c449-ec65-4e83-9aae-0fc9ba75a2a9" />
  <Project Path="L08_Practice02/L08_Practice02.csproj" Id="ce5cdb1c-16f2-4616-82f6-208ecac1114f" />
  <Project Path="L10_Demo01/L10_Demo01.csproj" Id="1fdbfce6-a6ff-4caf-b3ae-4661185e6d4a" />
  <Project Path="L4_MethodDemo_Guided/L4_MethodDemo_Guided.csproj" Id="0f724204-2093-43fb-848d-7df5ae2b7d93" />
</Solution>
